
Microsoft Visual Studio Solution File, Format Version 12.00
# Visual Studio Version 17
VisualStudioVersion = 17.5.002.0
MinimumVisualStudioVersion = 10.0.40219.1
Project("{9A19103F-16F7-4668-BE54-9A1E7A4F7556}") = "Csharp1", "Csharp1.csproj", "{E6339AE9-9050-416A-A0F9-69EC6BE35A29}"
EndProject
Global
	GlobalSection(SolutionConfigurationPlatforms) = preSolution
		Debug|Any CPU = Debug|Any CPU
		Release|Any CPU = Release|Any CPU
	EndGlobalSection
	GlobalSection(ProjectConfigurationPlatforms) = postSolution
		{E6339AE9-9050-416A-A0F9-69EC6BE35A29}.Debug|Any CPU.ActiveCfg = Debug|Any CPU
		{E6339AE9-9050-416A-A0F9-69EC6BE35A29}.Debug|Any CPU.Build.0 = Debug|Any CPU
		{E6339AE9-9050-416A-A0F9-69EC6BE35A29}.Release|Any CPU.ActiveCfg = Release|Any CPU
		{E6339AE9-9050-416A-A0F9-69EC6BE35A29}.Release|Any CPU.Build.0 = Release|Any CPU
	EndGlobalSection
	GlobalSection(SolutionProperties) = preSolution
		HideSolutionNode = FALSE
	EndGlobalSection
	GlobalSection(ExtensibilityGlobals) = postSolution
		SolutionGuid = {06DF6077-C9B1-40CD-868F-F340C108E387}
	EndGlobalSection
EndGlobal
